
Microsoft Visual Studio Solution File, Format Version 12.00
# Visual Studio 2013
VisualStudioVersion = 12.0.21005.1
MinimumVisualStudioVersion = 10.0.40219.1
Project("{FAE04EC0-301F-11D3-BF4B-00C04F79EFBC}") = "ContactBookText", "ContactBookText\ContactBookText.csproj", "{35DE3202-4182-4C3C-A095-DF9F114019E3}"
EndProject
Project("{FAE04EC0-301F-11D3-BF4B-00C04F79EFBC}") = "DataAccess", "DataAccess\DataAccess.csproj", "{D322BE28-47B3-449B-9EC4-F6543E2552A8}"
EndProject
Global
	GlobalSection(SolutionConfigurationPlatforms) = preSolution
		Debug|Any CPU = Debug|Any CPU
		Release|Any CPU = Release|Any CPU
	EndGlobalSection
	GlobalSection(ProjectConfigurationPlatforms) = postSolution
		{35DE3202-4182-4C3C-A095-DF9F114019E3}.Debug|Any CPU.ActiveCfg = Debug|Any CPU
		{35DE3202-4182-4C3C-A095-DF9F114019E3}.Debug|Any CPU.Build.0 = Debug|Any CPU
		{35DE3202-4182-4C3C-A095-DF9F114019E3}.Release|Any CPU.ActiveCfg = Release|Any CPU
		{35DE3202-4182-4C3C-A095-DF9F114019E3}.Release|Any CPU.Build.0 = Release|Any CPU
		{D322BE28-47B3-449B-9EC4-F6543E2552A8}.Debug|Any CPU.ActiveCfg = Debug|Any CPU
		{D322BE28-47B3-449B-9EC4-F6543E2552A8}.Debug|Any CPU.Build.0 = Debug|Any CPU
		{D322BE28-47B3-449B-9EC4-F6543E2552A8}.Release|Any CPU.ActiveCfg = Release|Any CPU
		{D322BE28-47B3-449B-9EC4-F6543E2552A8}.Release|Any CPU.Build.0 = Release|Any CPU
	EndGlobalSection
	GlobalSection(SolutionProperties) = preSolution
		HideSolutionNode = FALSE
	EndGlobalSection
EndGlobal
